
Microsoft Visual Studio Solution File, Format Version 12.00
# Visual Studio Version 17
VisualStudioVersion = 17.1.32328.378
MinimumVisualStudioVersion = 10.0.40219.1
Project("{FAE04EC0-301F-11D3-BF4B-00C04F79EFBC}") = "LibrarySupervisor", "LibrarySupervisor.csproj", "{FC3D6CD6-8A15-4A71-94DD-CD5CB171A2B1}"
EndProject
Global
	GlobalSection(SolutionConfigurationPlatforms) = preSolution
		Debug|Any CPU = Debug|Any CPU
		Release|Any CPU = Release|Any CPU
	EndGlobalSection
	GlobalSection(ProjectConfigurationPlatforms) = postSolution
		{FC3D6CD6-8A15-4A71-94DD-CD5CB171A2B1}.Debug|Any CPU.ActiveCfg = Debug|Any CPU
		{FC3D6CD6-8A15-4A71-94DD-CD5CB171A2B1}.Debug|Any CPU.Build.0 = Debug|Any CPU
		{FC3D6CD6-8A15-4A71-94DD-CD5CB171A2B1}.Release|Any CPU.ActiveCfg = Release|Any CPU
		{FC3D6CD6-8A15-4A71-94DD-CD5CB171A2B1}.Release|Any CPU.Build.0 = Release|Any CPU
	EndGlobalSection
	GlobalSection(SolutionProperties) = preSolution
		HideSolutionNode = FALSE
	EndGlobalSection
	GlobalSection(ExtensibilityGlobals) = postSolution
		SolutionGuid = {7136BD66-D8B1-482C-A752-A1503B44A480}
	EndGlobalSection
EndGlobal
